
Microsoft Visual Studio Solution File, Format Version 12.00
# Visual Studio Version 17
VisualStudioVersion = 17.1.32414.318
MinimumVisualStudioVersion = 10.0.40219.1
Project("{FAE04EC0-301F-11D3-BF4B-00C04F79EFBC}") = "metodlar", "metodlar\metodlar.csproj", "{65A077EA-EE46-4B7A-B690-DC5F515C31D8}"
EndProject
Project("{FAE04EC0-301F-11D3-BF4B-00C04F79EFBC}") = "Riyaziyyat", "Riyaziyyat\Riyaziyyat.csproj", "{EA977C98-EA79-4890-BE9A-DBA2A3F3707A}"
EndProject
Project("{FAE04EC0-301F-11D3-BF4B-00C04F79EFBC}") = "DeyerVeReferansTipler", "DeyerVeReferansTipler\DeyerVeReferansTipler.csproj", "{1C9ABC1E-B139-4025-849C-72D06176CF4E}"
EndProject
Global
	GlobalSection(SolutionConfigurationPlatforms) = preSolution
		Debug|Any CPU = Debug|Any CPU
		Release|Any CPU = Release|Any CPU
	EndGlobalSection
	GlobalSection(ProjectConfigurationPlatforms) = postSolution
		{65A077EA-EE46-4B7A-B690-DC5F515C31D8}.Debug|Any CPU.ActiveCfg = Debug|Any CPU
		{65A077EA-EE46-4B7A-B690-DC5F515C31D8}.Debug|Any CPU.Build.0 = Debug|Any CPU
		{65A077EA-EE46-4B7A-B690-DC5F515C31D8}.Release|Any CPU.ActiveCfg = Release|Any CPU
		{65A077EA-EE46-4B7A-B690-DC5F515C31D8}.Release|Any CPU.Build.0 = Release|Any CPU
		{EA977C98-EA79-4890-BE9A-DBA2A3F3707A}.Debug|Any CPU.ActiveCfg = Debug|Any CPU
		{EA977C98-EA79-4890-BE9A-DBA2A3F3707A}.Debug|Any CPU.Build.0 = Debug|Any CPU
		{EA977C98-EA79-4890-BE9A-DBA2A3F3707A}.Release|Any CPU.ActiveCfg = Release|Any CPU
		{EA977C98-EA79-4890-BE9A-DBA2A3F3707A}.Release|Any CPU.Build.0 = Release|Any CPU
		{1C9ABC1E-B139-4025-849C-72D06176CF4E}.Debug|Any CPU.ActiveCfg = Debug|Any CPU
		{1C9ABC1E-B139-4025-849C-72D06176CF4E}.Debug|Any CPU.Build.0 = Debug|Any CPU
		{1C9ABC1E-B139-4025-849C-72D06176CF4E}.Release|Any CPU.ActiveCfg = Release|Any CPU
		{1C9ABC1E-B139-4025-849C-72D06176CF4E}.Release|Any CPU.Build.0 = Release|Any CPU
	EndGlobalSection
	GlobalSection(SolutionProperties) = preSolution
		HideSolutionNode = FALSE
	EndGlobalSection
	GlobalSection(ExtensibilityGlobals) = postSolution
		SolutionGuid = {0B54C95F-3000-4B53-BAB4-4D88F9CC0B07}
	EndGlobalSection
EndGlobal
